// !$*UTF8*$!
{
	archiveVersion = 1;
	classes = {
	};
	objectVersion = 46;
	objects = {

/* Begin PBXBuildFile section */
		6E6B38981DB50DE40057058C /* QuadratTouch.framework in Frameworks */ = {isa = PBXBuildFile; fileRef = 6EE621D81DAD1EC20031F3F8 /* QuadratTouch.framework */; };
		6E6B38991DB50DE40057058C /* QuadratTouch.framework in Embed Frameworks */ = {isa = PBXBuildFile; fileRef = 6EE621D81DAD1EC20031F3F8 /* QuadratTouch.framework */; settings = {ATTRIBUTES = (CodeSignOnCopy, RemoveHeadersOnCopy, ); }; };
		6E759D611DA9689100A32D5F /* Point.swift in Sources */ = {isa = PBXBuildFile; fileRef = 6E759D601DA9689100A32D5F /* Point.swift */; };
		6ED330311DA43D6700183AB9 /* AppDelegate.swift in Sources */ = {isa = PBXBuildFile; fileRef = 6ED330301DA43D6700183AB9 /* AppDelegate.swift */; };
		6ED330331DA43D6700183AB9 /* PointMapViewController.swift in Sources */ = {isa = PBXBuildFile; fileRef = 6ED330321DA43D6700183AB9 /* PointMapViewController.swift */; };
		6ED330361DA43D6700183AB9 /* Main.storyboard in Resources */ = {isa = PBXBuildFile; fileRef = 6ED330341DA43D6700183AB9 /* Main.storyboard */; };
		6ED330381DA43D6700183AB9 /* Assets.xcassets in Resources */ = {isa = PBXBuildFile; fileRef = 6ED330371DA43D6700183AB9 /* Assets.xcassets */; };
		6ED3303B1DA43D6700183AB9 /* LaunchScreen.storyboard in Resources */ = {isa = PBXBuildFile; fileRef = 6ED330391DA43D6700183AB9 /* LaunchScreen.storyboard */; };
		6ED330651DA5345500183AB9 /* PointsTableViewController.swift in Sources */ = {isa = PBXBuildFile; fileRef = 6ED330641DA5345500183AB9 /* PointsTableViewController.swift */; };
		6ED330691DA5632100183AB9 /* PointsTableViewCell.swift in Sources */ = {isa = PBXBuildFile; fileRef = 6ED330681DA5632100183AB9 /* PointsTableViewCell.swift */; };
		6EE621DA1DAD1F9B0031F3F8 /* 1.jpg in Resources */ = {isa = PBXBuildFile; fileRef = 6EE621D91DAD1F9B0031F3F8 /* 1.jpg */; };
/* End PBXBuildFile section */

/* Begin PBXContainerItemProxy section */
		6E6B389A1DB50DE40057058C /* PBXContainerItemProxy */ = {
			isa = PBXContainerItemProxy;
			containerPortal = 6EE621C61DAD1D710031F3F8 /* Quadrat.xcodeproj */;
			proxyType = 1;
			remoteGlobalIDString = 476B70D91A0EBBA500AFAC33;
			remoteInfo = QuadratTouch;
		};
		6EE621D51DAD1EC20031F3F8 /* PBXContainerItemProxy */ = {
			isa = PBXContainerItemProxy;
			containerPortal = 6EE621C61DAD1D710031F3F8 /* Quadrat.xcodeproj */;
			proxyType = 2;
			remoteGlobalIDString = 476B70891A0EBAE700AFAC33;
			remoteInfo = Quadrat;
		};
		6EE621D71DAD1EC20031F3F8 /* PBXContainerItemProxy */ = {
			isa = PBXContainerItemProxy;
			containerPortal = 6EE621C61DAD1D710031F3F8 /* Quadrat.xcodeproj */;
			proxyType = 2;
			remoteGlobalIDString = 476B70DA1A0EBBA500AFAC33;
			remoteInfo = QuadratTouch;
		};
/* End PBXContainerItemProxy section */

/* Begin PBXCopyFilesBuildPhase section */
		6E6B389C1DB50DE40057058C /* Embed Frameworks */ = {
			isa = PBXCopyFilesBuildPhase;
			buildActionMask = 2147483647;
			dstPath = "";
			dstSubfolderSpec = 10;
			files = (
				6E6B38991DB50DE40057058C /* QuadratTouch.framework in Embed Frameworks */,
			);
			name = "Embed Frameworks";
			runOnlyForDeploymentPostprocessing = 0;
		};
/* End PBXCopyFilesBuildPhase section */

/* Begin PBXFileReference section */
		6E759D601DA9689100A32D5F /* Point.swift */ = {isa = PBXFileReference; fileEncoding = 4; lastKnownFileType = sourcecode.swift; path = Point.swift; sourceTree = "<group>"; };
		6ED3302D1DA43D6700183AB9 /* best4U.app */ = {isa = PBXFileReference; explicitFileType = wrapper.application; includeInIndex = 0; path = best4U.app; sourceTree = BUILT_PRODUCTS_DIR; };
		6ED330301DA43D6700183AB9 /* AppDelegate.swift */ = {isa = PBXFileReference; lastKnownFileType = sourcecode.swift; path = AppDelegate.swift; sourceTree = "<group>"; };
		6ED330321DA43D6700183AB9 /* PointMapViewController.swift */ = {isa = PBXFileReference; lastKnownFileType = sourcecode.swift; path = PointMapViewController.swift; sourceTree = "<group>"; };
		6ED330351DA43D6700183AB9 /* Base */ = {isa = PBXFileReference; lastKnownFileType = file.storyboard; name = Base; path = Base.lproj/Main.storyboard; sourceTree = "<group>"; };
		6ED330371DA43D6700183AB9 /* Assets.xcassets */ = {isa = PBXFileReference; lastKnownFileType = folder.assetcatalog; path = Assets.xcassets; sourceTree = "<group>"; };
		6ED3303A1DA43D6700183AB9 /* Base */ = {isa = PBXFileReference; lastKnownFileType = file.storyboard; name = Base; path = Base.lproj/LaunchScreen.storyboard; sourceTree = "<group>"; };
		6ED3303C1DA43D6700183AB9 /* Info.plist */ = {isa = PBXFileReference; lastKnownFileType = text.plist.xml; path = Info.plist; sourceTree = "<group>"; };
		6ED330641DA5345500183AB9 /* PointsTableViewController.swift */ = {isa = PBXFileReference; fileEncoding = 4; lastKnownFileType = sourcecode.swift; path = PointsTableViewController.swift; sourceTree = "<group>"; };
		6ED330681DA5632100183AB9 /* PointsTableViewCell.swift */ = {isa = PBXFileReference; fileEncoding = 4; lastKnownFileType = sourcecode.swift; path = PointsTableViewCell.swift; sourceTree = "<group>"; };
		6EE621C61DAD1D710031F3F8 /* Quadrat.xcodeproj */ = {isa = PBXFileReference; lastKnownFileType = "wrapper.pb-project"; name = Quadrat.xcodeproj; path = "../../../Downloads/das-quadrat-develop/Source/Quadrat.xcodeproj"; sourceTree = "<group>"; };
		6EE621D91DAD1F9B0031F3F8 /* 1.jpg */ = {isa = PBXFileReference; lastKnownFileType = image.jpeg; path = 1.jpg; sourceTree = "<group>"; };
/* End PBXFileReference section */

/* Begin PBXFrameworksBuildPhase section */
		6ED3302A1DA43D6700183AB9 /* Frameworks */ = {
			isa = PBXFrameworksBuildPhase;
			buildActionMask = 2147483647;
			files = (
				6E6B38981DB50DE40057058C /* QuadratTouch.framework in Frameworks */,
			);
			runOnlyForDeploymentPostprocessing = 0;
		};
/* End PBXFrameworksBuildPhase section */

/* Begin PBXGroup section */
		6ED330241DA43D6700183AB9 = {
			isa = PBXGroup;
			children = (
				6ED3302F1DA43D6700183AB9 /* best4U */,
				6ED3302E1DA43D6700183AB9 /* Products */,
				6EE621C61DAD1D710031F3F8 /* Quadrat.xcodeproj */,
			);
			sourceTree = "<group>";
		};
		6ED3302E1DA43D6700183AB9 /* Products */ = {
			isa = PBXGroup;
			children = (
				6ED3302D1DA43D6700183AB9 /* best4U.app */,
			);
			name = Products;
			sourceTree = "<group>";
		};
		6ED3302F1DA43D6700183AB9 /* best4U */ = {
			isa = PBXGroup;
			children = (
				6ED330641DA5345500183AB9 /* PointsTableViewController.swift */,
				6ED330321DA43D6700183AB9 /* PointMapViewController.swift */,
				6E759D601DA9689100A32D5F /* Point.swift */,
				6ED330681DA5632100183AB9 /* PointsTableViewCell.swift */,
				6ED330341DA43D6700183AB9 /* Main.storyboard */,
				6ED3305F1DA522A500183AB9 /* Supporting Files */,
			);
			path = best4U;
			sourceTree = "<group>";
		};
		6ED3305F1DA522A500183AB9 /* Supporting Files */ = {
			isa = PBXGroup;
			children = (
				6EE621D91DAD1F9B0031F3F8 /* 1.jpg */,
				6ED330301DA43D6700183AB9 /* AppDelegate.swift */,
				6ED330371DA43D6700183AB9 /* Assets.xcassets */,
				6ED330391DA43D6700183AB9 /* LaunchScreen.storyboard */,
				6ED3303C1DA43D6700183AB9 /* Info.plist */,
			);
			name = "Supporting Files";
			sourceTree = "<group>";
		};
		6EE621D11DAD1EC20031F3F8 /* Products */ = {
			isa = PBXGroup;
			children = (
				6EE621D61DAD1EC20031F3F8 /* Quadrat.framework */,
				6EE621D81DAD1EC20031F3F8 /* QuadratTouch.framework */,
			);
			name = Products;
			sourceTree = "<group>";
		};
/* End PBXGroup section */

/* Begin PBXNativeTarget section */
		6ED3302C1DA43D6700183AB9 /* best4U */ = {
			isa = PBXNativeTarget;
			buildConfigurationList = 6ED3303F1DA43D6700183AB9 /* Build configuration list for PBXNativeTarget "best4U" */;
			buildPhases = (
				6ED330291DA43D6700183AB9 /* Sources */,
				6ED3302A1DA43D6700183AB9 /* Frameworks */,
				6ED3302B1DA43D6700183AB9 /* Resources */,
				6E6B389C1DB50DE40057058C /* Embed Frameworks */,
			);
			buildRules = (
			);
			dependencies = (
				6E6B389B1DB50DE40057058C /* PBXTargetDependency */,
			);
			name = best4U;
			productName = best4U;
			productReference = 6ED3302D1DA43D6700183AB9 /* best4U.app */;
			productType = "com.apple.product-type.application";
		};
/* End PBXNativeTarget section */

/* Begin PBXProject section */
		6ED330251DA43D6700183AB9 /* Project object */ = {
			isa = PBXProject;
			attributes = {
				LastSwiftUpdateCheck = 0800;
				LastUpgradeCheck = 0800;
				ORGANIZATIONNAME = "Xie Liwei";
				TargetAttributes = {
					6ED3302C1DA43D6700183AB9 = {
						CreatedOnToolsVersion = 8.0;
						DevelopmentTeam = QKMD9SP96X;
						ProvisioningStyle = Automatic;
					};
				};
			};
			buildConfigurationList = 6ED330281DA43D6700183AB9 /* Build configuration list for PBXProject "best4U" */;
			compatibilityVersion = "Xcode 3.2";
			developmentRegion = English;
			hasScannedForEncodings = 0;
			knownRegions = (
				en,
				Base,
			);
			mainGroup = 6ED330241DA43D6700183AB9;
			productRefGroup = 6ED3302E1DA43D6700183AB9 /* Products */;
			projectDirPath = "";
			projectReferences = (
				{
					ProductGroup = 6EE621D11DAD1EC20031F3F8 /* Products */;
					ProjectRef = 6EE621C61DAD1D710031F3F8 /* Quadrat.xcodeproj */;
				},
			);
			projectRoot = "";
			targets = (
				6ED3302C1DA43D6700183AB9 /* best4U */,
			);
		};
/* End PBXProject section */

/* Begin PBXReferenceProxy section */
		6EE621D61DAD1EC20031F3F8 /* Quadrat.framework */ = {
			isa = PBXReferenceProxy;
			fileType = wrapper.framework;
			path = Quadrat.framework;
			remoteRef = 6EE621D51DAD1EC20031F3F8 /* PBXContainerItemProxy */;
			sourceTree = BUILT_PRODUCTS_DIR;
		};
		6EE621D81DAD1EC20031F3F8 /* QuadratTouch.framework */ = {
			isa = PBXReferenceProxy;
			fileType = wrapper.framework;
			path = QuadratTouch.framework;
			remoteRef = 6EE621D71DAD1EC20031F3F8 /* PBXContainerItemProxy */;
			sourceTree = BUILT_PRODUCTS_DIR;
		};
/* End PBXReferenceProxy section */

/* Begin PBXResourcesBuildPhase section */
		6ED3302B1DA43D6700183AB9 /* Resources */ = {
			isa = PBXResourcesBuildPhase;
			buildActionMask = 2147483647;
			files = (
				6ED3303B1DA43D6700183AB9 /* LaunchScreen.storyboard in Resources */,
				6EE621DA1DAD1F9B0031F3F8 /* 1.jpg in Resources */,
				6ED330381DA43D6700183AB9 /* Assets.xcassets in Resources */,
				6ED330361DA43D6700183AB9 /* Main.storyboard in Resources */,
			);
			runOnlyForDeploymentPostprocessing = 0;
		};
/* End PBXResourcesBuildPhase section */

/* Begin PBXSourcesBuildPhase section */
		6ED330291DA43D6700183AB9 /* Sources */ = {
			isa = PBXSourcesBuildPhase;
			buildActionMask = 2147483647;
			files = (
				6ED330691DA5632100183AB9 /* PointsTableViewCell.swift in Sources */,
				6E759D611DA9689100A32D5F /* Point.swift in Sources */,
				6ED330331DA43D6700183AB9 /* PointMapViewController.swift in Sources */,
				6ED330311DA43D6700183AB9 /* AppDelegate.swift in Sources */,
				6ED330651DA5345500183AB9 /* PointsTableViewController.swift in Sources */,
			);
			runOnlyForDeploymentPostprocessing = 0;
		};
/* End PBXSourcesBuildPhase section */

/* Begin PBXTargetDependency section */
		6E6B389B1DB50DE40057058C /* PBXTargetDependency */ = {
			isa = PBXTargetDependency;
			name = QuadratTouch;
			targetProxy = 6E6B389A1DB50DE40057058C /* PBXContainerItemProxy */;
		};
/* End PBXTargetDependency section */

/* Begin PBXVariantGroup section */
		6ED330341DA43D6700183AB9 /* Main.storyboard */ = {
			isa = PBXVariantGroup;
			children = (
				6ED330351DA43D6700183AB9 /* Base */,
			);
			name = Main.storyboard;
			sourceTree = "<group>";
		};
		6ED330391DA43D6700183AB9 /* LaunchScreen.storyboard */ = {
			isa = PBXVariantGroup;
			children = (
				6ED3303A1DA43D6700183AB9 /* Base */,
			);
			name = LaunchScreen.storyboard;
			sourceTree = "<group>";
		};
/* End PBXVariantGroup section */

/* Begin XCBuildConfiguration section */
		6ED3303D1DA43D6700183AB9 /* Debug */ = {
			isa = XCBuildConfiguration;
			buildSettings = {
				ALWAYS_SEARCH_USER_PATHS = NO;
				CLANG_ANALYZER_NONNULL = YES;
				CLANG_CXX_LANGUAGE_STANDARD = "gnu++0x";
				CLANG_CXX_LIBRARY = "libc++";
				CLANG_ENABLE_MODULES = YES;
				CLANG_ENABLE_OBJC_ARC = YES;
				CLANG_WARN_BOOL_CONVERSION = YES;
				CLANG_WARN_CONSTANT_CONVERSION = YES;
				CLANG_WARN_DIRECT_OBJC_ISA_USAGE = YES_ERROR;
				CLANG_WARN_DOCUMENTATION_COMMENTS = YES;
				CLANG_WARN_EMPTY_BODY = YES;
				CLANG_WARN_ENUM_CONVERSION = YES;
				CLANG_WARN_INFINITE_RECURSION = YES;
				CLANG_WARN_INT_CONVERSION = YES;
				CLANG_WARN_OBJC_ROOT_CLASS = YES_ERROR;
				CLANG_WARN_SUSPICIOUS_MOVES = YES;
				CLANG_WARN_UNREACHABLE_CODE = YES;
				CLANG_WARN__DUPLICATE_METHOD_MATCH = YES;
				"CODE_SIGN_IDENTITY[sdk=iphoneos*]" = "iPhone Developer";
				COPY_PHASE_STRIP = NO;
				DEBUG_INFORMATION_FORMAT = dwarf;
				ENABLE_STRICT_OBJC_MSGSEND = YES;
				ENABLE_TESTABILITY = YES;
				GCC_C_LANGUAGE_STANDARD = gnu99;
				GCC_DYNAMIC_NO_PIC = NO;
				GCC_NO_COMMON_BLOCKS = YES;
				GCC_OPTIMIZATION_LEVEL = 0;
				GCC_PREPROCESSOR_DEFINITIONS = (
					"DEBUG=1",
					"$(inherited)",
				);
				GCC_WARN_64_TO_32_BIT_CONVERSION = YES;
				GCC_WARN_ABOUT_RETURN_TYPE = YES_ERROR;
				GCC_WARN_UNDECLARED_SELECTOR = YES;
				GCC_WARN_UNINITIALIZED_AUTOS = YES_AGGRESSIVE;
				GCC_WARN_UNUSED_FUNCTION = YES;
				GCC_WARN_UNUSED_VARIABLE = YES;
				IPHONEOS_DEPLOYMENT_TARGET = 10.0;
				MTL_ENABLE_DEBUG_INFO = YES;
				ONLY_ACTIVE_ARCH = YES;
				SDKROOT = iphoneos;
				SWIFT_ACTIVE_COMPILATION_CONDITIONS = DEBUG;
				SWIFT_OPTIMIZATION_LEVEL = "-Onone";
				TARGETED_DEVICE_FAMILY = "1,2";
			};
			name = Debug;
		};
		6ED3303E1DA43D6700183AB9 /* Release */ = {
			isa = XCBuildConfiguration;
			buildSettings = {
				ALWAYS_SEARCH_USER_PATHS = NO;
				CLANG_ANALYZER_NONNULL = YES;
				CLANG_CXX_LANGUAGE_STANDARD = "gnu++0x";
				CLANG_CXX_LIBRARY = "libc++";
				CLANG_ENABLE_MODULES = YES;
				CLANG_ENABLE_OBJC_ARC = YES;
				CLANG_WARN_BOOL_CONVERSION = YES;
				CLANG_WARN_CONSTANT_CONVERSION = YES;
				CLANG_WARN_DIRECT_OBJC_ISA_USAGE = YES_ERROR;
				CLANG_WARN_DOCUMENTATION_COMMENTS = YES;
				CLANG_WARN_EMPTY_BODY = YES;
				CLANG_WARN_ENUM_CONVERSION = YES;
				CLANG_WARN_INFINITE_RECURSION = YES;
				CLANG_WARN_INT_CONVERSION = YES;
				CLANG_WARN_OBJC_ROOT_CLASS = YES_ERROR;
				CLANG_WARN_SUSPICIOUS_MOVES = YES;
				CLANG_WARN_UNREACHABLE_CODE = YES;
				CLANG_WARN__DUPLICATE_METHOD_MATCH = YES;
				"CODE_SIGN_IDENTITY[sdk=iphoneos*]" = "iPhone Developer";
				COPY_PHASE_STRIP = NO;
				DEBUG_INFORMATION_FORMAT = "dwarf-with-dsym";
				ENABLE_NS_ASSERTIONS = NO;
				ENABLE_STRICT_OBJC_MSGSEND = YES;
				GCC_C_LANGUAGE_STANDARD = gnu99;
				GCC_NO_COMMON_BLOCKS = YES;
				GCC_WARN_64_TO_32_BIT_CONVERSION = YES;
				GCC_WARN_ABOUT_RETURN_TYPE = YES_ERROR;
				GCC_WARN_UNDECLARED_SELECTOR = YES;
				GCC_WARN_UNINITIALIZED_AUTOS = YES_AGGRESSIVE;
				GCC_WARN_UNUSED_FUNCTION = YES;
				GCC_WARN_UNUSED_VARIABLE = YES;
				IPHONEOS_DEPLOYMENT_TARGET = 10.0;
				MTL_ENABLE_DEBUG_INFO = NO;
				SDKROOT = iphoneos;
				SWIFT_OPTIMIZATION_LEVEL = "-Owholemodule";
				TARGETED_DEVICE_FAMILY = "1,2";
				VALIDATE_PRODUCT = YES;
			};
			name = Release;
		};
		6ED330401DA43D6700183AB9 /* Debug */ = {
			isa = XCBuildConfiguration;
			buildSettings = {
				ALWAYS_EMBED_SWIFT_STANDARD_LIBRARIES = YES;
				ASSETCATALOG_COMPILER_APPICON_NAME = AppIcon;
				DEVELOPMENT_TEAM = QKMD9SP96X;
				INFOPLIST_FILE = best4U/Info.plist;
				LD_RUNPATH_SEARCH_PATHS = "$(inherited) @executable_path/Frameworks";
				PRODUCT_BUNDLE_IDENTIFIER = xieliwei.best4U;
				PRODUCT_NAME = "$(TARGET_NAME)";
				SWIFT_VERSION = 3.0;
			};
			name = Debug;
		};
		6ED330411DA43D6700183AB9 /* Release */ = {
			isa = XCBuildConfiguration;
			buildSettings = {
				ALWAYS_EMBED_SWIFT_STANDARD_LIBRARIES = YES;
				ASSETCATALOG_COMPILER_APPICON_NAME = AppIcon;
				DEVELOPMENT_TEAM = QKMD9SP96X;
				INFOPLIST_FILE = best4U/Info.plist;
				LD_RUNPATH_SEARCH_PATHS = "$(inherited) @executable_path/Frameworks";
				PRODUCT_BUNDLE_IDENTIFIER = xieliwei.best4U;
				PRODUCT_NAME = "$(TARGET_NAME)";
				SWIFT_VERSION = 3.0;
			};
			name = Release;
		};
/* End XCBuildConfiguration section */

/* Begin XCConfigurationList section */
		6ED330281DA43D6700183AB9 /* Build configuration list for PBXProject "best4U" */ = {
			isa = XCConfigurationList;
			buildConfigurations = (
				6ED3303D1DA43D6700183AB9 /* Debug */,
				6ED3303E1DA43D6700183AB9 /* Release */,
			);
			defaultConfigurationIsVisible = 0;
			defaultConfigurationName = Release;
		};
		6ED3303F1DA43D6700183AB9 /* Build configuration list for PBXNativeTarget "best4U" */ = {
			isa = XCConfigurationList;
			buildConfigurations = (
				6ED330401DA43D6700183AB9 /* Debug */,
				6ED330411DA43D6700183AB9 /* Release */,
			);
			defaultConfigurationIsVisible = 0;
			defaultConfigurationName = Release;
		};
/* End XCConfigurationList section */
	};
	rootObject = 6ED330251DA43D6700183AB9 /* Project object */;
}
